
Microsoft Visual Studio Solution File, Format Version 12.00
# Visual Studio Version 17
VisualStudioVersion = 17.14.36127.28 d17.14
MinimumVisualStudioVersion = 10.0.40219.1
Project("{FAE04EC0-301F-11D3-BF4B-00C04F79EFBC}") = "SezApi", "WebApplication1\SezApi.csproj", "{1CDE123B-D5F8-404D-8146-BD7DD5BD6A04}"
EndProject
Global
	GlobalSection(SolutionConfigurationPlatforms) = preSolution
		Debug|Any CPU = Debug|Any CPU
		Release|Any CPU = Release|Any CPU
	EndGlobalSection
	GlobalSection(ProjectConfigurationPlatforms) = postSolution
		{1CDE123B-D5F8-404D-8146-BD7DD5BD6A04}.Debug|Any CPU.ActiveCfg = Debug|Any CPU
		{1CDE123B-D5F8-404D-8146-BD7DD5BD6A04}.Debug|Any CPU.Build.0 = Debug|Any CPU
		{1CDE123B-D5F8-404D-8146-BD7DD5BD6A04}.Release|Any CPU.ActiveCfg = Release|Any CPU
		{1CDE123B-D5F8-404D-8146-BD7DD5BD6A04}.Release|Any CPU.Build.0 = Release|Any CPU
	EndGlobalSection
	GlobalSection(SolutionProperties) = preSolution
		HideSolutionNode = FALSE
	EndGlobalSection
	GlobalSection(ExtensibilityGlobals) = postSolution
		SolutionGuid = {5457B9DC-B886-4566-84D3-BE463CEA353B}
	EndGlobalSection
EndGlobal
